
Microsoft Visual Studio Solution File, Format Version 12.00
# Visual Studio Version 17
VisualStudioVersion = 17.5.33414.496
MinimumVisualStudioVersion = 10.0.40219.1
Project("{9A19103F-16F7-4668-BE54-9A1E7A4F7556}") = "WeatherApp", "WeatherApp\WeatherApp.csproj", "{96D40DD3-B1EB-4D1F-9D2C-FD9B5CF01F43}"
EndProject
Project("{FAE04EC0-301F-11D3-BF4B-00C04F79EFBC}") = "WeatherService", "WeatherService\WeatherService.csproj", "{4B55D0E3-47A1-480B-B2E2-D4D2D65BFF80}"
EndProject
Global
	GlobalSection(SolutionConfigurationPlatforms) = preSolution
		Debug|Any CPU = Debug|Any CPU
		Release|Any CPU = Release|Any CPU
	EndGlobalSection
	GlobalSection(ProjectConfigurationPlatforms) = postSolution
		{96D40DD3-B1EB-4D1F-9D2C-FD9B5CF01F43}.Debug|Any CPU.ActiveCfg = Debug|Any CPU
		{96D40DD3-B1EB-4D1F-9D2C-FD9B5CF01F43}.Debug|Any CPU.Build.0 = Debug|Any CPU
		{96D40DD3-B1EB-4D1F-9D2C-FD9B5CF01F43}.Release|Any CPU.ActiveCfg = Release|Any CPU
		{96D40DD3-B1EB-4D1F-9D2C-FD9B5CF01F43}.Release|Any CPU.Build.0 = Release|Any CPU
		{4B55D0E3-47A1-480B-B2E2-D4D2D65BFF80}.Debug|Any CPU.ActiveCfg = Debug|Any CPU
		{4B55D0E3-47A1-480B-B2E2-D4D2D65BFF80}.Debug|Any CPU.Build.0 = Debug|Any CPU
		{4B55D0E3-47A1-480B-B2E2-D4D2D65BFF80}.Release|Any CPU.ActiveCfg = Release|Any CPU
		{4B55D0E3-47A1-480B-B2E2-D4D2D65BFF80}.Release|Any CPU.Build.0 = Release|Any CPU
	EndGlobalSection
	GlobalSection(SolutionProperties) = preSolution
		HideSolutionNode = FALSE
	EndGlobalSection
	GlobalSection(ExtensibilityGlobals) = postSolution
		SolutionGuid = {7AFB65D4-4CFF-4D34-86AE-A4FBAAC3DF32}
	EndGlobalSection
EndGlobal
